
Microsoft Visual Studio Solution File, Format Version 12.00
# Visual Studio Version 17
VisualStudioVersion = 17.3.32922.545
MinimumVisualStudioVersion = 10.0.40219.1
Project("{FAE04EC0-301F-11D3-BF4B-00C04F79EFBC}") = "FoodStore", "FoodStore\FoodStore.csproj", "{2F872621-A849-4AC7-AA20-31637D0A36AF}"
EndProject
Global
	GlobalSection(SolutionConfigurationPlatforms) = preSolution
		Debug|Any CPU = Debug|Any CPU
		Release|Any CPU = Release|Any CPU
	EndGlobalSection
	GlobalSection(ProjectConfigurationPlatforms) = postSolution
		{2F872621-A849-4AC7-AA20-31637D0A36AF}.Debug|Any CPU.ActiveCfg = Debug|Any CPU
		{2F872621-A849-4AC7-AA20-31637D0A36AF}.Debug|Any CPU.Build.0 = Debug|Any CPU
		{2F872621-A849-4AC7-AA20-31637D0A36AF}.Release|Any CPU.ActiveCfg = Release|Any CPU
		{2F872621-A849-4AC7-AA20-31637D0A36AF}.Release|Any CPU.Build.0 = Release|Any CPU
	EndGlobalSection
	GlobalSection(SolutionProperties) = preSolution
		HideSolutionNode = FALSE
	EndGlobalSection
	GlobalSection(ExtensibilityGlobals) = postSolution
		SolutionGuid = {BD820321-9913-4CB3-BFCA-16602A8129DF}
	EndGlobalSection
EndGlobal
